
Microsoft Visual Studio Solution File, Format Version 12.00
# Visual Studio Version 17
VisualStudioVersion = 17.8.34330.188
MinimumVisualStudioVersion = 10.0.40219.1
Project("{FAE04EC0-301F-11D3-BF4B-00C04F79EFBC}") = "ForEachInArrayAndLists", "ForEachInArrayAndLists.csproj", "{0A89C7D8-0CDA-45A1-8353-A83FF79557AF}"
EndProject
Global
	GlobalSection(SolutionConfigurationPlatforms) = preSolution
		Debug|Any CPU = Debug|Any CPU
		Release|Any CPU = Release|Any CPU
	EndGlobalSection
	GlobalSection(ProjectConfigurationPlatforms) = postSolution
		{0A89C7D8-0CDA-45A1-8353-A83FF79557AF}.Debug|Any CPU.ActiveCfg = Debug|Any CPU
		{0A89C7D8-0CDA-45A1-8353-A83FF79557AF}.Debug|Any CPU.Build.0 = Debug|Any CPU
		{0A89C7D8-0CDA-45A1-8353-A83FF79557AF}.Release|Any CPU.ActiveCfg = Release|Any CPU
		{0A89C7D8-0CDA-45A1-8353-A83FF79557AF}.Release|Any CPU.Build.0 = Release|Any CPU
	EndGlobalSection
	GlobalSection(SolutionProperties) = preSolution
		HideSolutionNode = FALSE
	EndGlobalSection
	GlobalSection(ExtensibilityGlobals) = postSolution
		SolutionGuid = {ABBBA1C1-EC63-42CF-A78A-C19A5F941C4F}
	EndGlobalSection
EndGlobal
