
Microsoft Visual Studio Solution File, Format Version 12.00
# Visual Studio Version 17
VisualStudioVersion = 17.8.34330.188
MinimumVisualStudioVersion = 10.0.40219.1
Project("{9A19103F-16F7-4668-BE54-9A1E7A4F7556}") = "SwitchStatement", "SwitchStatement.csproj", "{EB8F724B-BFC2-4878-8C81-737FFEF76F11}"
EndProject
Project("{9A19103F-16F7-4668-BE54-9A1E7A4F7556}") = "WhileLoop", "..\WhileLoop\WhileLoop.csproj", "{2A029BAE-1E72-49BF-9E43-6602C0F3A30D}"
EndProject
Project("{9A19103F-16F7-4668-BE54-9A1E7A4F7556}") = "OOP", "..\OOP\OOP.csproj", "{AC8929DD-8A11-48F3-AAAE-6BFEC8624B6F}"
EndProject
Project("{9A19103F-16F7-4668-BE54-9A1E7A4F7556}") = "OOPConstructor", "..\OOPConstructor\OOPConstructor.csproj", "{CDFB0753-F4F1-4CF8-B2A3-22B3A890EAF5}"
EndProject
Project("{FAE04EC0-301F-11D3-BF4B-00C04F79EFBC}") = "OopMethod", "..\OopMethod\OopMethod.csproj", "{E8831C77-9CEA-4349-BDF0-00C79F56F26A}"
EndProject
Global
	GlobalSection(SolutionConfigurationPlatforms) = preSolution
		Debug|Any CPU = Debug|Any CPU
		Release|Any CPU = Release|Any CPU
	EndGlobalSection
	GlobalSection(ProjectConfigurationPlatforms) = postSolution
		{EB8F724B-BFC2-4878-8C81-737FFEF76F11}.Debug|Any CPU.ActiveCfg = Debug|Any CPU
		{EB8F724B-BFC2-4878-8C81-737FFEF76F11}.Debug|Any CPU.Build.0 = Debug|Any CPU
		{EB8F724B-BFC2-4878-8C81-737FFEF76F11}.Release|Any CPU.ActiveCfg = Release|Any CPU
		{EB8F724B-BFC2-4878-8C81-737FFEF76F11}.Release|Any CPU.Build.0 = Release|Any CPU
		{2A029BAE-1E72-49BF-9E43-6602C0F3A30D}.Debug|Any CPU.ActiveCfg = Debug|Any CPU
		{2A029BAE-1E72-49BF-9E43-6602C0F3A30D}.Debug|Any CPU.Build.0 = Debug|Any CPU
		{2A029BAE-1E72-49BF-9E43-6602C0F3A30D}.Release|Any CPU.ActiveCfg = Release|Any CPU
		{2A029BAE-1E72-49BF-9E43-6602C0F3A30D}.Release|Any CPU.Build.0 = Release|Any CPU
		{AC8929DD-8A11-48F3-AAAE-6BFEC8624B6F}.Debug|Any CPU.ActiveCfg = Debug|Any CPU
		{AC8929DD-8A11-48F3-AAAE-6BFEC8624B6F}.Debug|Any CPU.Build.0 = Debug|Any CPU
		{AC8929DD-8A11-48F3-AAAE-6BFEC8624B6F}.Release|Any CPU.ActiveCfg = Release|Any CPU
		{AC8929DD-8A11-48F3-AAAE-6BFEC8624B6F}.Release|Any CPU.Build.0 = Release|Any CPU
		{CDFB0753-F4F1-4CF8-B2A3-22B3A890EAF5}.Debug|Any CPU.ActiveCfg = Debug|Any CPU
		{CDFB0753-F4F1-4CF8-B2A3-22B3A890EAF5}.Debug|Any CPU.Build.0 = Debug|Any CPU
		{CDFB0753-F4F1-4CF8-B2A3-22B3A890EAF5}.Release|Any CPU.ActiveCfg = Release|Any CPU
		{CDFB0753-F4F1-4CF8-B2A3-22B3A890EAF5}.Release|Any CPU.Build.0 = Release|Any CPU
		{E8831C77-9CEA-4349-BDF0-00C79F56F26A}.Debug|Any CPU.ActiveCfg = Debug|Any CPU
		{E8831C77-9CEA-4349-BDF0-00C79F56F26A}.Debug|Any CPU.Build.0 = Debug|Any CPU
		{E8831C77-9CEA-4349-BDF0-00C79F56F26A}.Release|Any CPU.ActiveCfg = Release|Any CPU
		{E8831C77-9CEA-4349-BDF0-00C79F56F26A}.Release|Any CPU.Build.0 = Release|Any CPU
	EndGlobalSection
	GlobalSection(SolutionProperties) = preSolution
		HideSolutionNode = FALSE
	EndGlobalSection
	GlobalSection(ExtensibilityGlobals) = postSolution
		SolutionGuid = {0CF48E29-85C3-4518-A821-8B75335F0BAC}
	EndGlobalSection
EndGlobal
